
Microsoft Visual Studio Solution File, Format Version 12.00
# Visual Studio 15
Project("{FAE04EC0-301F-11D3-BF4B-00C04F79EFBC}") = "Assembly-CSharp", "Assembly-CSharp.csproj", "{18EA508B-DF4A-BED3-8EA0-E195BD21E8A6}"
EndProject
Project("{FAE04EC0-301F-11D3-BF4B-00C04F79EFBC}") = "Assembly-CSharp-firstpass", "Assembly-CSharp-firstpass.csproj", "{EBCA4210-E043-ACBC-5322-E37CF8ED6B4D}"
EndProject
Global
	GlobalSection(SolutionConfigurationPlatforms) = preSolution
		Debug|Any CPU = Debug|Any CPU
		Release|Any CPU = Release|Any CPU
	EndGlobalSection
	GlobalSection(ProjectConfigurationPlatforms) = postSolution
		{18EA508B-DF4A-BED3-8EA0-E195BD21E8A6}.Debug|Any CPU.ActiveCfg = Debug|Any CPU
		{18EA508B-DF4A-BED3-8EA0-E195BD21E8A6}.Debug|Any CPU.Build.0 = Debug|Any CPU
		{18EA508B-DF4A-BED3-8EA0-E195BD21E8A6}.Release|Any CPU.ActiveCfg = Release|Any CPU
		{18EA508B-DF4A-BED3-8EA0-E195BD21E8A6}.Release|Any CPU.Build.0 = Release|Any CPU
		{EBCA4210-E043-ACBC-5322-E37CF8ED6B4D}.Debug|Any CPU.ActiveCfg = Debug|Any CPU
		{EBCA4210-E043-ACBC-5322-E37CF8ED6B4D}.Debug|Any CPU.Build.0 = Debug|Any CPU
		{EBCA4210-E043-ACBC-5322-E37CF8ED6B4D}.Release|Any CPU.ActiveCfg = Release|Any CPU
		{EBCA4210-E043-ACBC-5322-E37CF8ED6B4D}.Release|Any CPU.Build.0 = Release|Any CPU
	EndGlobalSection
	GlobalSection(SolutionProperties) = preSolution
		HideSolutionNode = FALSE
	EndGlobalSection
EndGlobal
